
Microsoft Visual Studio Solution File, Format Version 12.00
# Visual Studio Version 17
VisualStudioVersion = 17.4.33103.184
MinimumVisualStudioVersion = 10.0.40219.1
Project("{FAE04EC0-301F-11D3-BF4B-00C04F79EFBC}") = "JobCandidatesApi", "JobCandidatesApi\JobCandidatesApi.csproj", "{B473432C-9924-4137-8988-35BFF053A409}"
EndProject
Project("{FAE04EC0-301F-11D3-BF4B-00C04F79EFBC}") = "JobCandidateTests", "JobCandidateTests\JobCandidateTests.csproj", "{F02F9EA7-B6B2-4051-B0FD-00A876538D0A}"
EndProject
Global
	GlobalSection(SolutionConfigurationPlatforms) = preSolution
		Debug|Any CPU = Debug|Any CPU
		Release|Any CPU = Release|Any CPU
	EndGlobalSection
	GlobalSection(ProjectConfigurationPlatforms) = postSolution
		{B473432C-9924-4137-8988-35BFF053A409}.Debug|Any CPU.ActiveCfg = Debug|Any CPU
		{B473432C-9924-4137-8988-35BFF053A409}.Debug|Any CPU.Build.0 = Debug|Any CPU
		{B473432C-9924-4137-8988-35BFF053A409}.Release|Any CPU.ActiveCfg = Release|Any CPU
		{B473432C-9924-4137-8988-35BFF053A409}.Release|Any CPU.Build.0 = Release|Any CPU
		{F02F9EA7-B6B2-4051-B0FD-00A876538D0A}.Debug|Any CPU.ActiveCfg = Debug|Any CPU
		{F02F9EA7-B6B2-4051-B0FD-00A876538D0A}.Debug|Any CPU.Build.0 = Debug|Any CPU
		{F02F9EA7-B6B2-4051-B0FD-00A876538D0A}.Release|Any CPU.ActiveCfg = Release|Any CPU
		{F02F9EA7-B6B2-4051-B0FD-00A876538D0A}.Release|Any CPU.Build.0 = Release|Any CPU
	EndGlobalSection
	GlobalSection(SolutionProperties) = preSolution
		HideSolutionNode = FALSE
	EndGlobalSection
	GlobalSection(ExtensibilityGlobals) = postSolution
		SolutionGuid = {0D7068A7-6623-4635-AC35-74F5D04D0E17}
	EndGlobalSection
EndGlobal
